{
  "name": "exp-refig",
  "version": "0.1.0",
  "lockfileVersion": 3,
  "requires": true,
  "packages": {
    "": {
      "name": "exp-refig",
      "version": "0.1.0",
      "dependencies": {
        "@grida/refig": "0.0.5"
      },
      "bin": {
        "fig-to-json": "dist/cli.js"
      },
      "devDependencies": {
        "@types/node": "^20.12.12",
        "typescript": "^5.4.5"
      },
      "engines": {
        "node": ">=20"
      }
    },
    "node_modules/@grida/canvas-wasm": {
      "version": "0.91.0-canary.17",
      "resolved": "https://registry.npmjs.org/@grida/canvas-wasm/-/canvas-wasm-0.91.0-canary.17.tgz",
      "integrity": "sha512-+kremOtZRAHmLSuqqVOLn+6n9vGLZUA4hWclNJa6tX6dWniaCj8hC2g1qaMboxAGebDJh+UXhoZjlVPPxAPb3Q==",
      "license": "Apache-2.0"
    },
    "node_modules/@grida/refig": {
      "version": "0.0.5",
      "resolved": "https://registry.npmjs.org/@grida/refig/-/refig-0.0.5.tgz",
      "integrity": "sha512-/Il/wseQaNBznuLIy+r8z6tZHcO1d+3xnKpImpIqmv9mCxw3pfsp6mrc+Cq0dX9YGX1foxewz/0VmS4J9PZWjg==",
      "license": "MIT",
      "dependencies": {
        "@grida/canvas-wasm": "0.91.0-canary.17",
        "commander": "^12.1.0"
      },
      "bin": {
        "refig": "dist/cli.mjs"
      }
    },
    "node_modules/@types/node": {
      "version": "20.19.39",
      "resolved": "https://registry.npmjs.org/@types/node/-/node-20.19.39.tgz",
      "integrity": "sha512-orrrD74MBUyK8jOAD/r0+lfa1I2MO6I+vAkmAWzMYbCcgrN4lCrmK52gRFQq/JRxfYPfonkr4b0jcY7Olqdqbw==",
      "dev": true,
      "license": "MIT",
      "dependencies": {
        "undici-types": "~6.21.0"
      }
    },
    "node_modules/commander": {
      "version": "12.1.0",
      "resolved": "https://registry.npmjs.org/commander/-/commander-12.1.0.tgz",
      "integrity": "sha512-Vw8qHK3bZM9y/P10u3Vib8o/DdkvA2OtPtZvD871QKjy74Wj1WSKFILMPRPSdUSx5RFK1arlJzEtA4PkFgnbuA==",
      "license": "MIT",
      "engines": {
        "node": ">=18"
      }
    },
    "node_modules/typescript": {
      "version": "5.9.3",
      "resolved": "https://registry.npmjs.org/typescript/-/typescript-5.9.3.tgz",
      "integrity": "sha512-jl1vZzPDinLr9eUt3J/t7V6FgNEw9QjvBPdysz9KfQDD41fQrC2Y4vKQdiaUpFT4bXlb1RHhLpp8wtm6M5TgSw==",
      "dev": true,
      "license": "Apache-2.0",
      "bin": {
        "tsc": "bin/tsc",
        "tsserver": "bin/tsserver"
      },
      "engines": {
        "node": ">=14.17"
      }
    },
    "node_modules/undici-types": {
      "version": "6.21.0",
      "resolved": "https://registry.npmjs.org/undici-types/-/undici-types-6.21.0.tgz",
      "integrity": "sha512-iwDZqg0QAGrg9Rav5H4n0M64c3mkR59cJ6wQp+7C4nI0gsmExaedaYLNO44eT4AtBBwjbTiGPMlt2Md0T9H9JQ==",
      "dev": true,
      "license": "MIT"
    }
  }
}
